// !$*UTF8*$!
{
	archiveVersion = 1;
	classes = {
	};
	objectVersion = 55;
	objects = {

/* Begin PBXBuildFile section */
		1049E2A526FF0A7C0047061D /* AppDelegate.swift in Sources */ = {isa = PBXBuildFile; fileRef = 1049E2A426FF0A7C0047061D /* AppDelegate.swift */; };
		1049E2A726FF0A7C0047061D /* SceneDelegate.swift in Sources */ = {isa = PBXBuildFile; fileRef = 1049E2A626FF0A7C0047061D /* SceneDelegate.swift */; };
		1049E2A926FF0A7C0047061D /* MainViewController.swift in Sources */ = {isa = PBXBuildFile; fileRef = 1049E2A826FF0A7C0047061D /* MainViewController.swift */; };
		1049E2AC26FF0A7C0047061D /* Main.storyboard in Resources */ = {isa = PBXBuildFile; fileRef = 1049E2AA26FF0A7C0047061D /* Main.storyboard */; };
		1049E2AE26FF0A7D0047061D /* Assets.xcassets in Resources */ = {isa = PBXBuildFile; fileRef = 1049E2AD26FF0A7D0047061D /* Assets.xcassets */; };
		1049E2B126FF0A7D0047061D /* LaunchScreen.storyboard in Resources */ = {isa = PBXBuildFile; fileRef = 1049E2AF26FF0A7D0047061D /* LaunchScreen.storyboard */; };
		1049E2B926FF1A580047061D /* CharactersCell.swift in Sources */ = {isa = PBXBuildFile; fileRef = 1049E2B826FF1A580047061D /* CharactersCell.swift */; };
		1049E2BB26FF1B090047061D /* RandomViewController.swift in Sources */ = {isa = PBXBuildFile; fileRef = 1049E2BA26FF1B090047061D /* RandomViewController.swift */; };
		1049E2BD26FF1B990047061D /* CharactersViewController.swift in Sources */ = {isa = PBXBuildFile; fileRef = 1049E2BC26FF1B990047061D /* CharactersViewController.swift */; };
		1049E2BF26FF1CEB0047061D /* Character.swift in Sources */ = {isa = PBXBuildFile; fileRef = 1049E2BE26FF1CEB0047061D /* Character.swift */; };
		1049E2C126FF20210047061D /* Network.swift in Sources */ = {isa = PBXBuildFile; fileRef = 1049E2C026FF20210047061D /* Network.swift */; };
		1049E2C526FF20F10047061D /* .gitignore in Resources */ = {isa = PBXBuildFile; fileRef = 1049E2C426FF20F10047061D /* .gitignore */; };
		1088B9002707611900561130 /* CharacterImageView.swift in Sources */ = {isa = PBXBuildFile; fileRef = 1088B8FF2707611900561130 /* CharacterImageView.swift */; };
		55A3390DB29AC405018AB8E5 /* Pods_BreakingBadApp.framework in Frameworks */ = {isa = PBXBuildFile; fileRef = 85A29574CDE339C8D61C8670 /* Pods_BreakingBadApp.framework */; };
/* End PBXBuildFile section */

/* Begin PBXFileReference section */
		1049E2A126FF0A7C0047061D /* BreakingBadApp.app */ = {isa = PBXFileReference; explicitFileType = wrapper.application; includeInIndex = 0; path = BreakingBadApp.app; sourceTree = BUILT_PRODUCTS_DIR; };
		1049E2A426FF0A7C0047061D /* AppDelegate.swift */ = {isa = PBXFileReference; lastKnownFileType = sourcecode.swift; path = AppDelegate.swift; sourceTree = "<group>"; };
		1049E2A626FF0A7C0047061D /* SceneDelegate.swift */ = {isa = PBXFileReference; lastKnownFileType = sourcecode.swift; path = SceneDelegate.swift; sourceTree = "<group>"; };
		1049E2A826FF0A7C0047061D /* MainViewController.swift */ = {isa = PBXFileReference; lastKnownFileType = sourcecode.swift; path = MainViewController.swift; sourceTree = "<group>"; };
		1049E2AB26FF0A7C0047061D /* Base */ = {isa = PBXFileReference; lastKnownFileType = file.storyboard; name = Base; path = Base.lproj/Main.storyboard; sourceTree = "<group>"; };
		1049E2AD26FF0A7D0047061D /* Assets.xcassets */ = {isa = PBXFileReference; lastKnownFileType = folder.assetcatalog; path = Assets.xcassets; sourceTree = "<group>"; };
		1049E2B026FF0A7D0047061D /* Base */ = {isa = PBXFileReference; lastKnownFileType = file.storyboard; name = Base; path = Base.lproj/LaunchScreen.storyboard; sourceTree = "<group>"; };
		1049E2B226FF0A7D0047061D /* Info.plist */ = {isa = PBXFileReference; lastKnownFileType = text.plist.xml; path = Info.plist; sourceTree = "<group>"; };
		1049E2B826FF1A580047061D /* CharactersCell.swift */ = {isa = PBXFileReference; lastKnownFileType = sourcecode.swift; path = CharactersCell.swift; sourceTree = "<group>"; };
		1049E2BA26FF1B090047061D /* RandomViewController.swift */ = {isa = PBXFileReference; lastKnownFileType = sourcecode.swift; path = RandomViewController.swift; sourceTree = "<group>"; };
		1049E2BC26FF1B990047061D /* CharactersViewController.swift */ = {isa = PBXFileReference; lastKnownFileType = sourcecode.swift; path = CharactersViewController.swift; sourceTree = "<group>"; };
		1049E2BE26FF1CEB0047061D /* Character.swift */ = {isa = PBXFileReference; lastKnownFileType = sourcecode.swift; path = Character.swift; sourceTree = "<group>"; };
		1049E2C026FF20210047061D /* Network.swift */ = {isa = PBXFileReference; lastKnownFileType = sourcecode.swift; path = Network.swift; sourceTree = "<group>"; };
		1049E2C426FF20F10047061D /* .gitignore */ = {isa = PBXFileReference; lastKnownFileType = text; path = .gitignore; sourceTree = "<group>"; };
		1088B8FF2707611900561130 /* CharacterImageView.swift */ = {isa = PBXFileReference; lastKnownFileType = sourcecode.swift; path = CharacterImageView.swift; sourceTree = "<group>"; };
		1D31A6094ABD72FD5ED3CD3F /* Pods-BreakingBadApp.debug.xcconfig */ = {isa = PBXFileReference; includeInIndex = 1; lastKnownFileType = text.xcconfig; name = "Pods-BreakingBadApp.debug.xcconfig"; path = "Target Support Files/Pods-BreakingBadApp/Pods-BreakingBadApp.debug.xcconfig"; sourceTree = "<group>"; };
		85A29574CDE339C8D61C8670 /* Pods_BreakingBadApp.framework */ = {isa = PBXFileReference; explicitFileType = wrapper.framework; includeInIndex = 0; path = Pods_BreakingBadApp.framework; sourceTree = BUILT_PRODUCTS_DIR; };
		BE99A9CA28BDA661DCD3938F /* Pods-BreakingBadApp.release.xcconfig */ = {isa = PBXFileReference; includeInIndex = 1; lastKnownFileType = text.xcconfig; name = "Pods-BreakingBadApp.release.xcconfig"; path = "Target Support Files/Pods-BreakingBadApp/Pods-BreakingBadApp.release.xcconfig"; sourceTree = "<group>"; };
/* End PBXFileReference section */

/* Begin PBXFrameworksBuildPhase section */
		1049E29E26FF0A7C0047061D /* Frameworks */ = {
			isa = PBXFrameworksBuildPhase;
			buildActionMask = 2147483647;
			files = (
				55A3390DB29AC405018AB8E5 /* Pods_BreakingBadApp.framework in Frameworks */,
			);
			runOnlyForDeploymentPostprocessing = 0;
		};
/* End PBXFrameworksBuildPhase section */

/* Begin PBXGroup section */
		1049E29826FF0A7C0047061D = {
			isa = PBXGroup;
			children = (
				1049E2C426FF20F10047061D /* .gitignore */,
				1049E2A326FF0A7C0047061D /* BreakingBadApp */,
				1049E2A226FF0A7C0047061D /* Products */,
				B29031916AE2CE4C3C21AA6D /* Pods */,
				84ECB8E2010D10A3D60A637E /* Frameworks */,
			);
			sourceTree = "<group>";
		};
		1049E2A226FF0A7C0047061D /* Products */ = {
			isa = PBXGroup;
			children = (
				1049E2A126FF0A7C0047061D /* BreakingBadApp.app */,
			);
			name = Products;
			sourceTree = "<group>";
		};
		1049E2A326FF0A7C0047061D /* BreakingBadApp */ = {
			isa = PBXGroup;
			children = (
				1049E2C626FF211B0047061D /* App */,
				1049E2C826FF21400047061D /* ViewControllers */,
				1088B8FE270760E100561130 /* Views */,
				1049E2C726FF212B0047061D /* Storyboards */,
				1049E2C926FF214E0047061D /* Resources */,
				1049E2CA26FF21850047061D /* Models */,
				1049E2CB26FF218F0047061D /* Services */,
			);
			path = BreakingBadApp;
			sourceTree = "<group>";
		};
		1049E2C626FF211B0047061D /* App */ = {
			isa = PBXGroup;
			children = (
				1049E2A426FF0A7C0047061D /* AppDelegate.swift */,
				1049E2A626FF0A7C0047061D /* SceneDelegate.swift */,
				1049E2B226FF0A7D0047061D /* Info.plist */,
			);
			path = App;
			sourceTree = "<group>";
		};
		1049E2C726FF212B0047061D /* Storyboards */ = {
			isa = PBXGroup;
			children = (
				1049E2AA26FF0A7C0047061D /* Main.storyboard */,
				1049E2AF26FF0A7D0047061D /* LaunchScreen.storyboard */,
			);
			path = Storyboards;
			sourceTree = "<group>";
		};
		1049E2C826FF21400047061D /* ViewControllers */ = {
			isa = PBXGroup;
			children = (
				1049E2A826FF0A7C0047061D /* MainViewController.swift */,
				1049E2BA26FF1B090047061D /* RandomViewController.swift */,
				1049E2BC26FF1B990047061D /* CharactersViewController.swift */,
			);
			path = ViewControllers;
			sourceTree = "<group>";
		};
		1049E2C926FF214E0047061D /* Resources */ = {
			isa = PBXGroup;
			children = (
				1049E2AD26FF0A7D0047061D /* Assets.xcassets */,
			);
			path = Resources;
			sourceTree = "<group>";
		};
		1049E2CA26FF21850047061D /* Models */ = {
			isa = PBXGroup;
			children = (
				1049E2BE26FF1CEB0047061D /* Character.swift */,
			);
			path = Models;
			sourceTree = "<group>";
		};
		1049E2CB26FF218F0047061D /* Services */ = {
			isa = PBXGroup;
			children = (
				1049E2C026FF20210047061D /* Network.swift */,
			);
			path = Services;
			sourceTree = "<group>";
		};
		1088B8FE270760E100561130 /* Views */ = {
			isa = PBXGroup;
			children = (
				1049E2B826FF1A580047061D /* CharactersCell.swift */,
				1088B8FF2707611900561130 /* CharacterImageView.swift */,
			);
			path = Views;
			sourceTree = "<group>";
		};
		84ECB8E2010D10A3D60A637E /* Frameworks */ = {
			isa = PBXGroup;
			children = (
				85A29574CDE339C8D61C8670 /* Pods_BreakingBadApp.framework */,
			);
			name = Frameworks;
			sourceTree = "<group>";
		};
		B29031916AE2CE4C3C21AA6D /* Pods */ = {
			isa = PBXGroup;
			children = (
				1D31A6094ABD72FD5ED3CD3F /* Pods-BreakingBadApp.debug.xcconfig */,
				BE99A9CA28BDA661DCD3938F /* Pods-BreakingBadApp.release.xcconfig */,
			);
			path = Pods;
			sourceTree = "<group>";
		};
/* End PBXGroup section */

/* Begin PBXNativeTarget section */
		1049E2A026FF0A7C0047061D /* BreakingBadApp */ = {
			isa = PBXNativeTarget;
			buildConfigurationList = 1049E2B526FF0A7D0047061D /* Build configuration list for PBXNativeTarget "BreakingBadApp" */;
			buildPhases = (
				F5E612E00909C7EB22EA6F99 /* [CP] Check Pods Manifest.lock */,
				1049E29D26FF0A7C0047061D /* Sources */,
				1049E29E26FF0A7C0047061D /* Frameworks */,
				1049E29F26FF0A7C0047061D /* Resources */,
				A4CE1B2DE318366F96B2EA69 /* [CP] Embed Pods Frameworks */,
			);
			buildRules = (
			);
			dependencies = (
			);
			name = BreakingBadApp;
			productName = BreakingBadApp;
			productReference = 1049E2A126FF0A7C0047061D /* BreakingBadApp.app */;
			productType = "com.apple.product-type.application";
		};
/* End PBXNativeTarget section */

/* Begin PBXProject section */
		1049E29926FF0A7C0047061D /* Project object */ = {
			isa = PBXProject;
			attributes = {
				BuildIndependentTargetsInParallel = 1;
				LastSwiftUpdateCheck = 1300;
				LastUpgradeCheck = 1300;
				TargetAttributes = {
					1049E2A026FF0A7C0047061D = {
						CreatedOnToolsVersion = 13.0;
					};
				};
			};
			buildConfigurationList = 1049E29C26FF0A7C0047061D /* Build configuration list for PBXProject "BreakingBadApp" */;
			compatibilityVersion = "Xcode 13.0";
			developmentRegion = en;
			hasScannedForEncodings = 0;
			knownRegions = (
				en,
				Base,
			);
			mainGroup = 1049E29826FF0A7C0047061D;
			productRefGroup = 1049E2A226FF0A7C0047061D /* Products */;
			projectDirPath = "";
			projectRoot = "";
			targets = (
				1049E2A026FF0A7C0047061D /* BreakingBadApp */,
			);
		};
/* End PBXProject section */

/* Begin PBXResourcesBuildPhase section */
		1049E29F26FF0A7C0047061D /* Resources */ = {
			isa = PBXResourcesBuildPhase;
			buildActionMask = 2147483647;
			files = (
				1049E2C526FF20F10047061D /* .gitignore in Resources */,
				1049E2B126FF0A7D0047061D /* LaunchScreen.storyboard in Resources */,
				1049E2AE26FF0A7D0047061D /* Assets.xcassets in Resources */,
				1049E2AC26FF0A7C0047061D /* Main.storyboard in Resources */,
			);
			runOnlyForDeploymentPostprocessing = 0;
		};
/* End PBXResourcesBuildPhase section */

/* Begin PBXShellScriptBuildPhase section */
		A4CE1B2DE318366F96B2EA69 /* [CP] Embed Pods Frameworks */ = {
			isa = PBXShellScriptBuildPhase;
			buildActionMask = 2147483647;
			files = (
			);
			inputFileListPaths = (
				"${PODS_ROOT}/Target Support Files/Pods-BreakingBadApp/Pods-BreakingBadApp-frameworks-${CONFIGURATION}-input-files.xcfilelist",
			);
			name = "[CP] Embed Pods Frameworks";
			outputFileListPaths = (
				"${PODS_ROOT}/Target Support Files/Pods-BreakingBadApp/Pods-BreakingBadApp-frameworks-${CONFIGURATION}-output-files.xcfilelist",
			);
			runOnlyForDeploymentPostprocessing = 0;
			shellPath = /bin/sh;
			shellScript = "\"${PODS_ROOT}/Target Support Files/Pods-BreakingBadApp/Pods-BreakingBadApp-frameworks.sh\"\n";
			showEnvVarsInLog = 0;
		};
		F5E612E00909C7EB22EA6F99 /* [CP] Check Pods Manifest.lock */ = {
			isa = PBXShellScriptBuildPhase;
			buildActionMask = 2147483647;
			files = (
			);
			inputFileListPaths = (
			);
			inputPaths = (
				"${PODS_PODFILE_DIR_PATH}/Podfile.lock",
				"${PODS_ROOT}/Manifest.lock",
			);
			name = "[CP] Check Pods Manifest.lock";
			outputFileListPaths = (
			);
			outputPaths = (
				"$(DERIVED_FILE_DIR)/Pods-BreakingBadApp-checkManifestLockResult.txt",
			);
			runOnlyForDeploymentPostprocessing = 0;
			shellPath = /bin/sh;
			shellScript = "diff \"${PODS_PODFILE_DIR_PATH}/Podfile.lock\" \"${PODS_ROOT}/Manifest.lock\" > /dev/null\nif [ $? != 0 ] ; then\n    # print error to STDERR\n    echo \"error: The sandbox is not in sync with the Podfile.lock. Run 'pod install' or update your CocoaPods installation.\" >&2\n    exit 1\nfi\n# This output is used by Xcode 'outputs' to avoid re-running this script phase.\necho \"SUCCESS\" > \"${SCRIPT_OUTPUT_FILE_0}\"\n";
			showEnvVarsInLog = 0;
		};
/* End PBXShellScriptBuildPhase section */

/* Begin PBXSourcesBuildPhase section */
		1049E29D26FF0A7C0047061D /* Sources */ = {
			isa = PBXSourcesBuildPhase;
			buildActionMask = 2147483647;
			files = (
				1088B9002707611900561130 /* CharacterImageView.swift in Sources */,
				1049E2BB26FF1B090047061D /* RandomViewController.swift in Sources */,
				1049E2A926FF0A7C0047061D /* MainViewController.swift in Sources */,
				1049E2C126FF20210047061D /* Network.swift in Sources */,
				1049E2BF26FF1CEB0047061D /* Character.swift in Sources */,
				1049E2BD26FF1B990047061D /* CharactersViewController.swift in Sources */,
				1049E2A526FF0A7C0047061D /* AppDelegate.swift in Sources */,
				1049E2A726FF0A7C0047061D /* SceneDelegate.swift in Sources */,
				1049E2B926FF1A580047061D /* CharactersCell.swift in Sources */,
			);
			runOnlyForDeploymentPostprocessing = 0;
		};
/* End PBXSourcesBuildPhase section */

/* Begin PBXVariantGroup section */
		1049E2AA26FF0A7C0047061D /* Main.storyboard */ = {
			isa = PBXVariantGroup;
			children = (
				1049E2AB26FF0A7C0047061D /* Base */,
			);
			name = Main.storyboard;
			sourceTree = "<group>";
		};
		1049E2AF26FF0A7D0047061D /* LaunchScreen.storyboard */ = {
			isa = PBXVariantGroup;
			children = (
				1049E2B026FF0A7D0047061D /* Base */,
			);
			name = LaunchScreen.storyboard;
			sourceTree = "<group>";
		};
/* End PBXVariantGroup section */

/* Begin XCBuildConfiguration section */
		1049E2B326FF0A7D0047061D /* Debug */ = {
			isa = XCBuildConfiguration;
			buildSettings = {
				ALWAYS_SEARCH_USER_PATHS = NO;
				CLANG_ANALYZER_NONNULL = YES;
				CLANG_ANALYZER_NUMBER_OBJECT_CONVERSION = YES_AGGRESSIVE;
				CLANG_CXX_LANGUAGE_STANDARD = "gnu++17";
				CLANG_CXX_LIBRARY = "libc++";
				CLANG_ENABLE_MODULES = YES;
				CLANG_ENABLE_OBJC_ARC = YES;
				CLANG_ENABLE_OBJC_WEAK = YES;
				CLANG_WARN_BLOCK_CAPTURE_AUTORELEASING = YES;
				CLANG_WARN_BOOL_CONVERSION = YES;
				CLANG_WARN_COMMA = YES;
				CLANG_WARN_CONSTANT_CONVERSION = YES;
				CLANG_WARN_DEPRECATED_OBJC_IMPLEMENTATIONS = YES;
				CLANG_WARN_DIRECT_OBJC_ISA_USAGE = YES_ERROR;
				CLANG_WARN_DOCUMENTATION_COMMENTS = YES;
				CLANG_WARN_EMPTY_BODY = YES;
				CLANG_WARN_ENUM_CONVERSION = YES;
				CLANG_WARN_INFINITE_RECURSION = YES;
				CLANG_WARN_INT_CONVERSION = YES;
				CLANG_WARN_NON_LITERAL_NULL_CONVERSION = YES;
				CLANG_WARN_OBJC_IMPLICIT_RETAIN_SELF = YES;
				CLANG_WARN_OBJC_LITERAL_CONVERSION = YES;
				CLANG_WARN_OBJC_ROOT_CLASS = YES_ERROR;
				CLANG_WARN_QUOTED_INCLUDE_IN_FRAMEWORK_HEADER = YES;
				CLANG_WARN_RANGE_LOOP_ANALYSIS = YES;
				CLANG_WARN_STRICT_PROTOTYPES = YES;
				CLANG_WARN_SUSPICIOUS_MOVE = YES;
				CLANG_WARN_UNGUARDED_AVAILABILITY = YES_AGGRESSIVE;
				CLANG_WARN_UNREACHABLE_CODE = YES;
				CLANG_WARN__DUPLICATE_METHOD_MATCH = YES;
				COPY_PHASE_STRIP = NO;
				DEBUG_INFORMATION_FORMAT = dwarf;
				ENABLE_STRICT_OBJC_MSGSEND = YES;
				ENABLE_TESTABILITY = YES;
				GCC_C_LANGUAGE_STANDARD = gnu11;
				GCC_DYNAMIC_NO_PIC = NO;
				GCC_NO_COMMON_BLOCKS = YES;
				GCC_OPTIMIZATION_LEVEL = 0;
				GCC_PREPROCESSOR_DEFINITIONS = (
					"DEBUG=1",
					"$(inherited)",
				);
				GCC_WARN_64_TO_32_BIT_CONVERSION = YES;
				GCC_WARN_ABOUT_RETURN_TYPE = YES_ERROR;
				GCC_WARN_UNDECLARED_SELECTOR = YES;
				GCC_WARN_UNINITIALIZED_AUTOS = YES_AGGRESSIVE;
				GCC_WARN_UNUSED_FUNCTION = YES;
				GCC_WARN_UNUSED_VARIABLE = YES;
				IPHONEOS_DEPLOYMENT_TARGET = 15.0;
				MTL_ENABLE_DEBUG_INFO = INCLUDE_SOURCE;
				MTL_FAST_MATH = YES;
				ONLY_ACTIVE_ARCH = YES;
				SDKROOT = iphoneos;
				SWIFT_ACTIVE_COMPILATION_CONDITIONS = DEBUG;
				SWIFT_OPTIMIZATION_LEVEL = "-Onone";
			};
			name = Debug;
		};
		1049E2B426FF0A7D0047061D /* Release */ = {
			isa = XCBuildConfiguration;
			buildSettings = {
				ALWAYS_SEARCH_USER_PATHS = NO;
				CLANG_ANALYZER_NONNULL = YES;
				CLANG_ANALYZER_NUMBER_OBJECT_CONVERSION = YES_AGGRESSIVE;
				CLANG_CXX_LANGUAGE_STANDARD = "gnu++17";
				CLANG_CXX_LIBRARY = "libc++";
				CLANG_ENABLE_MODULES = YES;
				CLANG_ENABLE_OBJC_ARC = YES;
				CLANG_ENABLE_OBJC_WEAK = YES;
				CLANG_WARN_BLOCK_CAPTURE_AUTORELEASING = YES;
				CLANG_WARN_BOOL_CONVERSION = YES;
				CLANG_WARN_COMMA = YES;
				CLANG_WARN_CONSTANT_CONVERSION = YES;
				CLANG_WARN_DEPRECATED_OBJC_IMPLEMENTATIONS = YES;
				CLANG_WARN_DIRECT_OBJC_ISA_USAGE = YES_ERROR;
				CLANG_WARN_DOCUMENTATION_COMMENTS = YES;
				CLANG_WARN_EMPTY_BODY = YES;
				CLANG_WARN_ENUM_CONVERSION = YES;
				CLANG_WARN_INFINITE_RECURSION = YES;
				CLANG_WARN_INT_CONVERSION = YES;
				CLANG_WARN_NON_LITERAL_NULL_CONVERSION = YES;
				CLANG_WARN_OBJC_IMPLICIT_RETAIN_SELF = YES;
				CLANG_WARN_OBJC_LITERAL_CONVERSION = YES;
				CLANG_WARN_OBJC_ROOT_CLASS = YES_ERROR;
				CLANG_WARN_QUOTED_INCLUDE_IN_FRAMEWORK_HEADER = YES;
				CLANG_WARN_RANGE_LOOP_ANALYSIS = YES;
				CLANG_WARN_STRICT_PROTOTYPES = YES;
				CLANG_WARN_SUSPICIOUS_MOVE = YES;
				CLANG_WARN_UNGUARDED_AVAILABILITY = YES_AGGRESSIVE;
				CLANG_WARN_UNREACHABLE_CODE = YES;
				CLANG_WARN__DUPLICATE_METHOD_MATCH = YES;
				COPY_PHASE_STRIP = NO;
				DEBUG_INFORMATION_FORMAT = "dwarf-with-dsym";
				ENABLE_NS_ASSERTIONS = NO;
				ENABLE_STRICT_OBJC_MSGSEND = YES;
				GCC_C_LANGUAGE_STANDARD = gnu11;
				GCC_NO_COMMON_BLOCKS = YES;
				GCC_WARN_64_TO_32_BIT_CONVERSION = YES;
				GCC_WARN_ABOUT_RETURN_TYPE = YES_ERROR;
				GCC_WARN_UNDECLARED_SELECTOR = YES;
				GCC_WARN_UNINITIALIZED_AUTOS = YES_AGGRESSIVE;
				GCC_WARN_UNUSED_FUNCTION = YES;
				GCC_WARN_UNUSED_VARIABLE = YES;
				IPHONEOS_DEPLOYMENT_TARGET = 15.0;
				MTL_ENABLE_DEBUG_INFO = NO;
				MTL_FAST_MATH = YES;
				SDKROOT = iphoneos;
				SWIFT_COMPILATION_MODE = wholemodule;
				SWIFT_OPTIMIZATION_LEVEL = "-O";
				VALIDATE_PRODUCT = YES;
			};
			name = Release;
		};
		1049E2B626FF0A7D0047061D /* Debug */ = {
			isa = XCBuildConfiguration;
			baseConfigurationReference = 1D31A6094ABD72FD5ED3CD3F /* Pods-BreakingBadApp.debug.xcconfig */;
			buildSettings = {
				ASSETCATALOG_COMPILER_APPICON_NAME = AppIcon;
				ASSETCATALOG_COMPILER_GLOBAL_ACCENT_COLOR_NAME = AccentColor;
				CODE_SIGN_STYLE = Automatic;
				CURRENT_PROJECT_VERSION = 1;
				DEVELOPMENT_TEAM = QGLMKQL94J;
				GENERATE_INFOPLIST_FILE = YES;
				INFOPLIST_FILE = BreakingBadApp/App/Info.plist;
				INFOPLIST_KEY_UIApplicationSupportsIndirectInputEvents = YES;
				INFOPLIST_KEY_UILaunchStoryboardName = LaunchScreen;
				INFOPLIST_KEY_UIMainStoryboardFile = Main;
				INFOPLIST_KEY_UISupportedInterfaceOrientations_iPad = "UIInterfaceOrientationPortrait UIInterfaceOrientationPortraitUpsideDown UIInterfaceOrientationLandscapeLeft UIInterfaceOrientationLandscapeRight";
				INFOPLIST_KEY_UISupportedInterfaceOrientations_iPhone = "UIInterfaceOrientationPortrait UIInterfaceOrientationLandscapeLeft UIInterfaceOrientationLandscapeRight";
				LD_RUNPATH_SEARCH_PATHS = (
					"$(inherited)",
					"@executable_path/Frameworks",
				);
				MARKETING_VERSION = 1.0;
				PRODUCT_BUNDLE_IDENTIFIER = Olegajaro.BreakingBadApp;
				PRODUCT_NAME = "$(TARGET_NAME)";
				SWIFT_EMIT_LOC_STRINGS = YES;
				SWIFT_VERSION = 5.0;
				TARGETED_DEVICE_FAMILY = "1,2";
			};
			name = Debug;
		};
		1049E2B726FF0A7D0047061D /* Release */ = {
			isa = XCBuildConfiguration;
			baseConfigurationReference = BE99A9CA28BDA661DCD3938F /* Pods-BreakingBadApp.release.xcconfig */;
			buildSettings = {
				ASSETCATALOG_COMPILER_APPICON_NAME = AppIcon;
				ASSETCATALOG_COMPILER_GLOBAL_ACCENT_COLOR_NAME = AccentColor;
				CODE_SIGN_STYLE = Automatic;
				CURRENT_PROJECT_VERSION = 1;
				DEVELOPMENT_TEAM = QGLMKQL94J;
				GENERATE_INFOPLIST_FILE = YES;
				INFOPLIST_FILE = BreakingBadApp/App/Info.plist;
				INFOPLIST_KEY_UIApplicationSupportsIndirectInputEvents = YES;
				INFOPLIST_KEY_UILaunchStoryboardName = LaunchScreen;
				INFOPLIST_KEY_UIMainStoryboardFile = Main;
				INFOPLIST_KEY_UISupportedInterfaceOrientations_iPad = "UIInterfaceOrientationPortrait UIInterfaceOrientationPortraitUpsideDown UIInterfaceOrientationLandscapeLeft UIInterfaceOrientationLandscapeRight";
				INFOPLIST_KEY_UISupportedInterfaceOrientations_iPhone = "UIInterfaceOrientationPortrait UIInterfaceOrientationLandscapeLeft UIInterfaceOrientationLandscapeRight";
				LD_RUNPATH_SEARCH_PATHS = (
					"$(inherited)",
					"@executable_path/Frameworks",
				);
				MARKETING_VERSION = 1.0;
				PRODUCT_BUNDLE_IDENTIFIER = Olegajaro.BreakingBadApp;
				PRODUCT_NAME = "$(TARGET_NAME)";
				SWIFT_EMIT_LOC_STRINGS = YES;
				SWIFT_VERSION = 5.0;
				TARGETED_DEVICE_FAMILY = "1,2";
			};
			name = Release;
		};
/* End XCBuildConfiguration section */

/* Begin XCConfigurationList section */
		1049E29C26FF0A7C0047061D /* Build configuration list for PBXProject "BreakingBadApp" */ = {
			isa = XCConfigurationList;
			buildConfigurations = (
				1049E2B326FF0A7D0047061D /* Debug */,
				1049E2B426FF0A7D0047061D /* Release */,
			);
			defaultConfigurationIsVisible = 0;
			defaultConfigurationName = Release;
		};
		1049E2B526FF0A7D0047061D /* Build configuration list for PBXNativeTarget "BreakingBadApp" */ = {
			isa = XCConfigurationList;
			buildConfigurations = (
				1049E2B626FF0A7D0047061D /* Debug */,
				1049E2B726FF0A7D0047061D /* Release */,
			);
			defaultConfigurationIsVisible = 0;
			defaultConfigurationName = Release;
		};
/* End XCConfigurationList section */
	};
	rootObject = 1049E29926FF0A7C0047061D /* Project object */;
}
